
Microsoft Visual Studio Solution File, Format Version 12.00
# Visual Studio 15
VisualStudioVersion = 15.0.28307.271
MinimumVisualStudioVersion = 10.0.40219.1
Project("{9A19103F-16F7-4668-BE54-9A1E7A4F7556}") = "Rcp.Utilities", "Rcp.Utilities\Rcp.Utilities.csproj", "{22C530F4-C5DA-42CA-BD64-B03406390A86}"
EndProject
Project("{FAE04EC0-301F-11D3-BF4B-00C04F79EFBC}") = "Rcp.Utilities.Tests", "Rcp.Utilities.Tests\Rcp.Utilities.Tests.csproj", "{4093D3BC-FAAA-4850-8039-DBCDC39CE255}"
EndProject
Global
	GlobalSection(SolutionConfigurationPlatforms) = preSolution
		Debug|Any CPU = Debug|Any CPU
		Release|Any CPU = Release|Any CPU
	EndGlobalSection
	GlobalSection(ProjectConfigurationPlatforms) = postSolution
		{22C530F4-C5DA-42CA-BD64-B03406390A86}.Debug|Any CPU.ActiveCfg = Debug|Any CPU
		{22C530F4-C5DA-42CA-BD64-B03406390A86}.Debug|Any CPU.Build.0 = Debug|Any CPU
		{22C530F4-C5DA-42CA-BD64-B03406390A86}.Release|Any CPU.ActiveCfg = Release|Any CPU
		{22C530F4-C5DA-42CA-BD64-B03406390A86}.Release|Any CPU.Build.0 = Release|Any CPU
		{4093D3BC-FAAA-4850-8039-DBCDC39CE255}.Debug|Any CPU.ActiveCfg = Debug|Any CPU
		{4093D3BC-FAAA-4850-8039-DBCDC39CE255}.Debug|Any CPU.Build.0 = Debug|Any CPU
		{4093D3BC-FAAA-4850-8039-DBCDC39CE255}.Release|Any CPU.ActiveCfg = Release|Any CPU
		{4093D3BC-FAAA-4850-8039-DBCDC39CE255}.Release|Any CPU.Build.0 = Release|Any CPU
	EndGlobalSection
	GlobalSection(SolutionProperties) = preSolution
		HideSolutionNode = FALSE
	EndGlobalSection
	GlobalSection(ExtensibilityGlobals) = postSolution
		SolutionGuid = {2EF3C18C-BB2B-44C7-9F5E-3BB8DDC92025}
	EndGlobalSection
EndGlobal
